
Microsoft Visual Studio Solution File, Format Version 12.00
# Visual Studio Version 16
VisualStudioVersion = 16.0.30709.132
MinimumVisualStudioVersion = 10.0.40219.1
Project("{FAE04EC0-301F-11D3-BF4B-00C04F79EFBC}") = "buLocate", "buLocate\buLocate.csproj", "{F65E7A3F-2027-473D-99F5-A99CFAC94977}"
EndProject
Global
	GlobalSection(SolutionConfigurationPlatforms) = preSolution
		Debug|Any CPU = Debug|Any CPU
		Release|Any CPU = Release|Any CPU
	EndGlobalSection
	GlobalSection(ProjectConfigurationPlatforms) = postSolution
		{F65E7A3F-2027-473D-99F5-A99CFAC94977}.Debug|Any CPU.ActiveCfg = Debug|Any CPU
		{F65E7A3F-2027-473D-99F5-A99CFAC94977}.Debug|Any CPU.Build.0 = Debug|Any CPU
		{F65E7A3F-2027-473D-99F5-A99CFAC94977}.Release|Any CPU.ActiveCfg = Release|Any CPU
		{F65E7A3F-2027-473D-99F5-A99CFAC94977}.Release|Any CPU.Build.0 = Release|Any CPU
	EndGlobalSection
	GlobalSection(SolutionProperties) = preSolution
		HideSolutionNode = FALSE
	EndGlobalSection
	GlobalSection(ExtensibilityGlobals) = postSolution
		SolutionGuid = {5E14F0D4-D250-4176-B88B-D0CBF5588621}
	EndGlobalSection
EndGlobal
